
Microsoft Visual Studio Solution File, Format Version 12.00
# Visual Studio Version 17
VisualStudioVersion = 17.2.32630.192
MinimumVisualStudioVersion = 10.0.40219.1
Project("{FAE04EC0-301F-11D3-BF4B-00C04F79EFBC}") = "Woofer", "Woofer\Woofer.csproj", "{662ACCF5-B82B-4120-8834-43D8A8C38C60}"
EndProject
Global
	GlobalSection(SolutionConfigurationPlatforms) = preSolution
		Debug|Any CPU = Debug|Any CPU
		Release|Any CPU = Release|Any CPU
	EndGlobalSection
	GlobalSection(ProjectConfigurationPlatforms) = postSolution
		{662ACCF5-B82B-4120-8834-43D8A8C38C60}.Debug|Any CPU.ActiveCfg = Debug|Any CPU
		{662ACCF5-B82B-4120-8834-43D8A8C38C60}.Debug|Any CPU.Build.0 = Debug|Any CPU
		{662ACCF5-B82B-4120-8834-43D8A8C38C60}.Release|Any CPU.ActiveCfg = Release|Any CPU
		{662ACCF5-B82B-4120-8834-43D8A8C38C60}.Release|Any CPU.Build.0 = Release|Any CPU
	EndGlobalSection
	GlobalSection(SolutionProperties) = preSolution
		HideSolutionNode = FALSE
	EndGlobalSection
	GlobalSection(ExtensibilityGlobals) = postSolution
		SolutionGuid = {62485615-C492-4CE8-A799-1E80F7ECD120}
	EndGlobalSection
EndGlobal
